// !$*UTF8*$!
{
	archiveVersion = 1;
	classes = {
	};
	objectVersion = 46;
	objects = {

/* Begin PBXBuildFile section */
		DCE41E2E1EAEE20E006FAAEA /* main.m in Sources */ = {isa = PBXBuildFile; fileRef = DCE41E2D1EAEE20E006FAAEA /* main.m */; };
		DCE41E311EAEE20E006FAAEA /* AppDelegate.m in Sources */ = {isa = PBXBuildFile; fileRef = DCE41E301EAEE20E006FAAEA /* AppDelegate.m */; };
		DCE41E341EAEE20E006FAAEA /* ViewController.m in Sources */ = {isa = PBXBuildFile; fileRef = DCE41E331EAEE20E006FAAEA /* ViewController.m */; };
		DCE41E371EAEE20E006FAAEA /* Main.storyboard in Resources */ = {isa = PBXBuildFile; fileRef = DCE41E351EAEE20E006FAAEA /* Main.storyboard */; };
		DCE41E391EAEE20E006FAAEA /* Assets.xcassets in Resources */ = {isa = PBXBuildFile; fileRef = DCE41E381EAEE20E006FAAEA /* Assets.xcassets */; };
		DCE41E3C1EAEE20E006FAAEA /* LaunchScreen.storyboard in Resources */ = {isa = PBXBuildFile; fileRef = DCE41E3A1EAEE20E006FAAEA /* LaunchScreen.storyboard */; };
		DCE41E471EAEE20E006FAAEA /* CustomTabbarControllerTests.m in Sources */ = {isa = PBXBuildFile; fileRef = DCE41E461EAEE20E006FAAEA /* CustomTabbarControllerTests.m */; };
		DCE41E521EAEE20E006FAAEA /* CustomTabbarControllerUITests.m in Sources */ = {isa = PBXBuildFile; fileRef = DCE41E511EAEE20E006FAAEA /* CustomTabbarControllerUITests.m */; };
		DCE41E611EAEE226006FAAEA /* CustomViewController.m in Sources */ = {isa = PBXBuildFile; fileRef = DCE41E601EAEE226006FAAEA /* CustomViewController.m */; };
/* End PBXBuildFile section */

/* Begin PBXContainerItemProxy section */
		DCE41E431EAEE20E006FAAEA /* PBXContainerItemProxy */ = {
			isa = PBXContainerItemProxy;
			containerPortal = DCE41E211EAEE20E006FAAEA /* Project object */;
			proxyType = 1;
			remoteGlobalIDString = DCE41E281EAEE20E006FAAEA;
			remoteInfo = CustomTabbarController;
		};
		DCE41E4E1EAEE20E006FAAEA /* PBXContainerItemProxy */ = {
			isa = PBXContainerItemProxy;
			containerPortal = DCE41E211EAEE20E006FAAEA /* Project object */;
			proxyType = 1;
			remoteGlobalIDString = DCE41E281EAEE20E006FAAEA;
			remoteInfo = CustomTabbarController;
		};
/* End PBXContainerItemProxy section */

/* Begin PBXFileReference section */
		DCE41E291EAEE20E006FAAEA /* CustomTabbarController.app */ = {isa = PBXFileReference; explicitFileType = wrapper.application; includeInIndex = 0; path = CustomTabbarController.app; sourceTree = BUILT_PRODUCTS_DIR; };
		DCE41E2D1EAEE20E006FAAEA /* main.m */ = {isa = PBXFileReference; lastKnownFileType = sourcecode.c.objc; path = main.m; sourceTree = "<group>"; };
		DCE41E2F1EAEE20E006FAAEA /* AppDelegate.h */ = {isa = PBXFileReference; lastKnownFileType = sourcecode.c.h; path = AppDelegate.h; sourceTree = "<group>"; };
		DCE41E301EAEE20E006FAAEA /* AppDelegate.m */ = {isa = PBXFileReference; lastKnownFileType = sourcecode.c.objc; path = AppDelegate.m; sourceTree = "<group>"; };
		DCE41E321EAEE20E006FAAEA /* ViewController.h */ = {isa = PBXFileReference; lastKnownFileType = sourcecode.c.h; path = ViewController.h; sourceTree = "<group>"; };
		DCE41E331EAEE20E006FAAEA /* ViewController.m */ = {isa = PBXFileReference; lastKnownFileType = sourcecode.c.objc; path = ViewController.m; sourceTree = "<group>"; };
		DCE41E361EAEE20E006FAAEA /* Base */ = {isa = PBXFileReference; lastKnownFileType = file.storyboard; name = Base; path = Base.lproj/Main.storyboard; sourceTree = "<group>"; };
		DCE41E381EAEE20E006FAAEA /* Assets.xcassets */ = {isa = PBXFileReference; lastKnownFileType = folder.assetcatalog; path = Assets.xcassets; sourceTree = "<group>"; };
		DCE41E3B1EAEE20E006FAAEA /* Base */ = {isa = PBXFileReference; lastKnownFileType = file.storyboard; name = Base; path = Base.lproj/LaunchScreen.storyboard; sourceTree = "<group>"; };
		DCE41E3D1EAEE20E006FAAEA /* Info.plist */ = {isa = PBXFileReference; lastKnownFileType = text.plist.xml; path = Info.plist; sourceTree = "<group>"; };
		DCE41E421EAEE20E006FAAEA /* CustomTabbarControllerTests.xctest */ = {isa = PBXFileReference; explicitFileType = wrapper.cfbundle; includeInIndex = 0; path = CustomTabbarControllerTests.xctest; sourceTree = BUILT_PRODUCTS_DIR; };
		DCE41E461EAEE20E006FAAEA /* CustomTabbarControllerTests.m */ = {isa = PBXFileReference; lastKnownFileType = sourcecode.c.objc; path = CustomTabbarControllerTests.m; sourceTree = "<group>"; };
		DCE41E481EAEE20E006FAAEA /* Info.plist */ = {isa = PBXFileReference; lastKnownFileType = text.plist.xml; path = Info.plist; sourceTree = "<group>"; };
		DCE41E4D1EAEE20E006FAAEA /* CustomTabbarControllerUITests.xctest */ = {isa = PBXFileReference; explicitFileType = wrapper.cfbundle; includeInIndex = 0; path = CustomTabbarControllerUITests.xctest; sourceTree = BUILT_PRODUCTS_DIR; };
		DCE41E511EAEE20E006FAAEA /* CustomTabbarControllerUITests.m */ = {isa = PBXFileReference; lastKnownFileType = sourcecode.c.objc; path = CustomTabbarControllerUITests.m; sourceTree = "<group>"; };
		DCE41E531EAEE20E006FAAEA /* Info.plist */ = {isa = PBXFileReference; lastKnownFileType = text.plist.xml; path = Info.plist; sourceTree = "<group>"; };
		DCE41E5F1EAEE226006FAAEA /* CustomViewController.h */ = {isa = PBXFileReference; fileEncoding = 4; lastKnownFileType = sourcecode.c.h; path = CustomViewController.h; sourceTree = "<group>"; };
		DCE41E601EAEE226006FAAEA /* CustomViewController.m */ = {isa = PBXFileReference; fileEncoding = 4; lastKnownFileType = sourcecode.c.objc; path = CustomViewController.m; sourceTree = "<group>"; };
/* End PBXFileReference section */

/* Begin PBXFrameworksBuildPhase section */
		DCE41E261EAEE20E006FAAEA /* Frameworks */ = {
			isa = PBXFrameworksBuildPhase;
			buildActionMask = 2147483647;
			files = (
			);
			runOnlyForDeploymentPostprocessing = 0;
		};
		DCE41E3F1EAEE20E006FAAEA /* Frameworks */ = {
			isa = PBXFrameworksBuildPhase;
			buildActionMask = 2147483647;
			files = (
			);
			runOnlyForDeploymentPostprocessing = 0;
		};
		DCE41E4A1EAEE20E006FAAEA /* Frameworks */ = {
			isa = PBXFrameworksBuildPhase;
			buildActionMask = 2147483647;
			files = (
			);
			runOnlyForDeploymentPostprocessing = 0;
		};
/* End PBXFrameworksBuildPhase section */

/* Begin PBXGroup section */
		DCE41E201EAEE20E006FAAEA = {
			isa = PBXGroup;
			children = (
				DCE41E2B1EAEE20E006FAAEA /* CustomTabbarController */,
				DCE41E451EAEE20E006FAAEA /* CustomTabbarControllerTests */,
				DCE41E501EAEE20E006FAAEA /* CustomTabbarControllerUITests */,
				DCE41E2A1EAEE20E006FAAEA /* Products */,
			);
			sourceTree = "<group>";
		};
		DCE41E2A1EAEE20E006FAAEA /* Products */ = {
			isa = PBXGroup;
			children = (
				DCE41E291EAEE20E006FAAEA /* CustomTabbarController.app */,
				DCE41E421EAEE20E006FAAEA /* CustomTabbarControllerTests.xctest */,
				DCE41E4D1EAEE20E006FAAEA /* CustomTabbarControllerUITests.xctest */,
			);
			name = Products;
			sourceTree = "<group>";
		};
		DCE41E2B1EAEE20E006FAAEA /* CustomTabbarController */ = {
			isa = PBXGroup;
			children = (
				DCE41E2F1EAEE20E006FAAEA /* AppDelegate.h */,
				DCE41E301EAEE20E006FAAEA /* AppDelegate.m */,
				DCE41E321EAEE20E006FAAEA /* ViewController.h */,
				DCE41E331EAEE20E006FAAEA /* ViewController.m */,
				DCE41E5F1EAEE226006FAAEA /* CustomViewController.h */,
				DCE41E601EAEE226006FAAEA /* CustomViewController.m */,
				DCE41E351EAEE20E006FAAEA /* Main.storyboard */,
				DCE41E381EAEE20E006FAAEA /* Assets.xcassets */,
				DCE41E3A1EAEE20E006FAAEA /* LaunchScreen.storyboard */,
				DCE41E3D1EAEE20E006FAAEA /* Info.plist */,
				DCE41E2C1EAEE20E006FAAEA /* Supporting Files */,
			);
			path = CustomTabbarController;
			sourceTree = "<group>";
		};
		DCE41E2C1EAEE20E006FAAEA /* Supporting Files */ = {
			isa = PBXGroup;
			children = (
				DCE41E2D1EAEE20E006FAAEA /* main.m */,
			);
			name = "Supporting Files";
			sourceTree = "<group>";
		};
		DCE41E451EAEE20E006FAAEA /* CustomTabbarControllerTests */ = {
			isa = PBXGroup;
			children = (
				DCE41E461EAEE20E006FAAEA /* CustomTabbarControllerTests.m */,
				DCE41E481EAEE20E006FAAEA /* Info.plist */,
			);
			path = CustomTabbarControllerTests;
			sourceTree = "<group>";
		};
		DCE41E501EAEE20E006FAAEA /* CustomTabbarControllerUITests */ = {
			isa = PBXGroup;
			children = (
				DCE41E511EAEE20E006FAAEA /* CustomTabbarControllerUITests.m */,
				DCE41E531EAEE20E006FAAEA /* Info.plist */,
			);
			path = CustomTabbarControllerUITests;
			sourceTree = "<group>";
		};
/* End PBXGroup section */

/* Begin PBXNativeTarget section */
		DCE41E281EAEE20E006FAAEA /* CustomTabbarController */ = {
			isa = PBXNativeTarget;
			buildConfigurationList = DCE41E561EAEE20E006FAAEA /* Build configuration list for PBXNativeTarget "CustomTabbarController" */;
			buildPhases = (
				DCE41E251EAEE20E006FAAEA /* Sources */,
				DCE41E261EAEE20E006FAAEA /* Frameworks */,
				DCE41E271EAEE20E006FAAEA /* Resources */,
			);
			buildRules = (
			);
			dependencies = (
			);
			name = CustomTabbarController;
			productName = CustomTabbarController;
			productReference = DCE41E291EAEE20E006FAAEA /* CustomTabbarController.app */;
			productType = "com.apple.product-type.application";
		};
		DCE41E411EAEE20E006FAAEA /* CustomTabbarControllerTests */ = {
			isa = PBXNativeTarget;
			buildConfigurationList = DCE41E591EAEE20E006FAAEA /* Build configuration list for PBXNativeTarget "CustomTabbarControllerTests" */;
			buildPhases = (
				DCE41E3E1EAEE20E006FAAEA /* Sources */,
				DCE41E3F1EAEE20E006FAAEA /* Frameworks */,
				DCE41E401EAEE20E006FAAEA /* Resources */,
			);
			buildRules = (
			);
			dependencies = (
				DCE41E441EAEE20E006FAAEA /* PBXTargetDependency */,
			);
			name = CustomTabbarControllerTests;
			productName = CustomTabbarControllerTests;
			productReference = DCE41E421EAEE20E006FAAEA /* CustomTabbarControllerTests.xctest */;
			productType = "com.apple.product-type.bundle.unit-test";
		};
		DCE41E4C1EAEE20E006FAAEA /* CustomTabbarControllerUITests */ = {
			isa = PBXNativeTarget;
			buildConfigurationList = DCE41E5C1EAEE20E006FAAEA /* Build configuration list for PBXNativeTarget "CustomTabbarControllerUITests" */;
			buildPhases = (
				DCE41E491EAEE20E006FAAEA /* Sources */,
				DCE41E4A1EAEE20E006FAAEA /* Frameworks */,
				DCE41E4B1EAEE20E006FAAEA /* Resources */,
			);
			buildRules = (
			);
			dependencies = (
				DCE41E4F1EAEE20E006FAAEA /* PBXTargetDependency */,
			);
			name = CustomTabbarControllerUITests;
			productName = CustomTabbarControllerUITests;
			productReference = DCE41E4D1EAEE20E006FAAEA /* CustomTabbarControllerUITests.xctest */;
			productType = "com.apple.product-type.bundle.ui-testing";
		};
/* End PBXNativeTarget section */

/* Begin PBXProject section */
		DCE41E211EAEE20E006FAAEA /* Project object */ = {
			isa = PBXProject;
			attributes = {
				LastUpgradeCheck = 0830;
				ORGANIZATIONNAME = Jeff_Bian;
				TargetAttributes = {
					DCE41E281EAEE20E006FAAEA = {
						CreatedOnToolsVersion = 8.3;
						DevelopmentTeam = 2ZDPUNRZYA;
						ProvisioningStyle = Automatic;
					};
					DCE41E411EAEE20E006FAAEA = {
						CreatedOnToolsVersion = 8.3;
						DevelopmentTeam = 2ZDPUNRZYA;
						ProvisioningStyle = Automatic;
						TestTargetID = DCE41E281EAEE20E006FAAEA;
					};
					DCE41E4C1EAEE20E006FAAEA = {
						CreatedOnToolsVersion = 8.3;
						DevelopmentTeam = 2ZDPUNRZYA;
						ProvisioningStyle = Automatic;
						TestTargetID = DCE41E281EAEE20E006FAAEA;
					};
				};
			};
			buildConfigurationList = DCE41E241EAEE20E006FAAEA /* Build configuration list for PBXProject "CustomTabbarController" */;
			compatibilityVersion = "Xcode 3.2";
			developmentRegion = English;
			hasScannedForEncodings = 0;
			knownRegions = (
				en,
				Base,
			);
			mainGroup = DCE41E201EAEE20E006FAAEA;
			productRefGroup = DCE41E2A1EAEE20E006FAAEA /* Products */;
			projectDirPath = "";
			projectRoot = "";
			targets = (
				DCE41E281EAEE20E006FAAEA /* CustomTabbarController */,
				DCE41E411EAEE20E006FAAEA /* CustomTabbarControllerTests */,
				DCE41E4C1EAEE20E006FAAEA /* CustomTabbarControllerUITests */,
			);
		};
/* End PBXProject section */

/* Begin PBXResourcesBuildPhase section */
		DCE41E271EAEE20E006FAAEA /* Resources */ = {
			isa = PBXResourcesBuildPhase;
			buildActionMask = 2147483647;
			files = (
				DCE41E3C1EAEE20E006FAAEA /* LaunchScreen.storyboard in Resources */,
				DCE41E391EAEE20E006FAAEA /* Assets.xcassets in Resources */,
				DCE41E371EAEE20E006FAAEA /* Main.storyboard in Resources */,
			);
			runOnlyForDeploymentPostprocessing = 0;
		};
		DCE41E401EAEE20E006FAAEA /* Resources */ = {
			isa = PBXResourcesBuildPhase;
			buildActionMask = 2147483647;
			files = (
			);
			runOnlyForDeploymentPostprocessing = 0;
		};
		DCE41E4B1EAEE20E006FAAEA /* Resources */ = {
			isa = PBXResourcesBuildPhase;
			buildActionMask = 2147483647;
			files = (
			);
			runOnlyForDeploymentPostprocessing = 0;
		};
/* End PBXResourcesBuildPhase section */

/* Begin PBXSourcesBuildPhase section */
		DCE41E251EAEE20E006FAAEA /* Sources */ = {
			isa = PBXSourcesBuildPhase;
			buildActionMask = 2147483647;
			files = (
				DCE41E341EAEE20E006FAAEA /* ViewController.m in Sources */,
				DCE41E311EAEE20E006FAAEA /* AppDelegate.m in Sources */,
				DCE41E2E1EAEE20E006FAAEA /* main.m in Sources */,
				DCE41E611EAEE226006FAAEA /* CustomViewController.m in Sources */,
			);
			runOnlyForDeploymentPostprocessing = 0;
		};
		DCE41E3E1EAEE20E006FAAEA /* Sources */ = {
			isa = PBXSourcesBuildPhase;
			buildActionMask = 2147483647;
			files = (
				DCE41E471EAEE20E006FAAEA /* CustomTabbarControllerTests.m in Sources */,
			);
			runOnlyForDeploymentPostprocessing = 0;
		};
		DCE41E491EAEE20E006FAAEA /* Sources */ = {
			isa = PBXSourcesBuildPhase;
			buildActionMask = 2147483647;
			files = (
				DCE41E521EAEE20E006FAAEA /* CustomTabbarControllerUITests.m in Sources */,
			);
			runOnlyForDeploymentPostprocessing = 0;
		};
/* End PBXSourcesBuildPhase section */

/* Begin PBXTargetDependency section */
		DCE41E441EAEE20E006FAAEA /* PBXTargetDependency */ = {
			isa = PBXTargetDependency;
			target = DCE41E281EAEE20E006FAAEA /* CustomTabbarController */;
			targetProxy = DCE41E431EAEE20E006FAAEA /* PBXContainerItemProxy */;
		};
		DCE41E4F1EAEE20E006FAAEA /* PBXTargetDependency */ = {
			isa = PBXTargetDependency;
			target = DCE41E281EAEE20E006FAAEA /* CustomTabbarController */;
			targetProxy = DCE41E4E1EAEE20E006FAAEA /* PBXContainerItemProxy */;
		};
/* End PBXTargetDependency section */

/* Begin PBXVariantGroup section */
		DCE41E351EAEE20E006FAAEA /* Main.storyboard */ = {
			isa = PBXVariantGroup;
			children = (
				DCE41E361EAEE20E006FAAEA /* Base */,
			);
			name = Main.storyboard;
			sourceTree = "<group>";
		};
		DCE41E3A1EAEE20E006FAAEA /* LaunchScreen.storyboard */ = {
			isa = PBXVariantGroup;
			children = (
				DCE41E3B1EAEE20E006FAAEA /* Base */,
			);
			name = LaunchScreen.storyboard;
			sourceTree = "<group>";
		};
/* End PBXVariantGroup section */

/* Begin XCBuildConfiguration section */
		DCE41E541EAEE20E006FAAEA /* Debug */ = {
			isa = XCBuildConfiguration;
			buildSettings = {
				ALWAYS_SEARCH_USER_PATHS = NO;
				CLANG_ANALYZER_NONNULL = YES;
				CLANG_ANALYZER_NUMBER_OBJECT_CONVERSION = YES_AGGRESSIVE;
				CLANG_CXX_LANGUAGE_STANDARD = "gnu++0x";
				CLANG_CXX_LIBRARY = "libc++";
				CLANG_ENABLE_MODULES = YES;
				CLANG_ENABLE_OBJC_ARC = YES;
				CLANG_WARN_BOOL_CONVERSION = YES;
				CLANG_WARN_CONSTANT_CONVERSION = YES;
				CLANG_WARN_DIRECT_OBJC_ISA_USAGE = YES_ERROR;
				CLANG_WARN_DOCUMENTATION_COMMENTS = YES;
				CLANG_WARN_EMPTY_BODY = YES;
				CLANG_WARN_ENUM_CONVERSION = YES;
				CLANG_WARN_INFINITE_RECURSION = YES;
				CLANG_WARN_INT_CONVERSION = YES;
				CLANG_WARN_OBJC_ROOT_CLASS = YES_ERROR;
				CLANG_WARN_SUSPICIOUS_MOVE = YES;
				CLANG_WARN_UNREACHABLE_CODE = YES;
				CLANG_WARN__DUPLICATE_METHOD_MATCH = YES;
				"CODE_SIGN_IDENTITY[sdk=iphoneos*]" = "iPhone Developer";
				COPY_PHASE_STRIP = NO;
				DEBUG_INFORMATION_FORMAT = dwarf;
				ENABLE_STRICT_OBJC_MSGSEND = YES;
				ENABLE_TESTABILITY = YES;
				GCC_C_LANGUAGE_STANDARD = gnu99;
				GCC_DYNAMIC_NO_PIC = NO;
				GCC_NO_COMMON_BLOCKS = YES;
				GCC_OPTIMIZATION_LEVEL = 0;
				GCC_PREPROCESSOR_DEFINITIONS = (
					"DEBUG=1",
					"$(inherited)",
				);
				GCC_WARN_64_TO_32_BIT_CONVERSION = YES;
				GCC_WARN_ABOUT_RETURN_TYPE = YES_ERROR;
				GCC_WARN_UNDECLARED_SELECTOR = YES;
				GCC_WARN_UNINITIALIZED_AUTOS = YES_AGGRESSIVE;
				GCC_WARN_UNUSED_FUNCTION = YES;
				GCC_WARN_UNUSED_VARIABLE = YES;
				IPHONEOS_DEPLOYMENT_TARGET = 10.3;
				MTL_ENABLE_DEBUG_INFO = YES;
				ONLY_ACTIVE_ARCH = YES;
				SDKROOT = iphoneos;
				TARGETED_DEVICE_FAMILY = "1,2";
			};
			name = Debug;
		};
		DCE41E551EAEE20E006FAAEA /* Release */ = {
			isa = XCBuildConfiguration;
			buildSettings = {
				ALWAYS_SEARCH_USER_PATHS = NO;
				CLANG_ANALYZER_NONNULL = YES;
				CLANG_ANALYZER_NUMBER_OBJECT_CONVERSION = YES_AGGRESSIVE;
				CLANG_CXX_LANGUAGE_STANDARD = "gnu++0x";
				CLANG_CXX_LIBRARY = "libc++";
				CLANG_ENABLE_MODULES = YES;
				CLANG_ENABLE_OBJC_ARC = YES;
				CLANG_WARN_BOOL_CONVERSION = YES;
				CLANG_WARN_CONSTANT_CONVERSION = YES;
				CLANG_WARN_DIRECT_OBJC_ISA_USAGE = YES_ERROR;
				CLANG_WARN_DOCUMENTATION_COMMENTS = YES;
				CLANG_WARN_EMPTY_BODY = YES;
				CLANG_WARN_ENUM_CONVERSION = YES;
				CLANG_WARN_INFINITE_RECURSION = YES;
				CLANG_WARN_INT_CONVERSION = YES;
				CLANG_WARN_OBJC_ROOT_CLASS = YES_ERROR;
				CLANG_WARN_SUSPICIOUS_MOVE = YES;
				CLANG_WARN_UNREACHABLE_CODE = YES;
				CLANG_WARN__DUPLICATE_METHOD_MATCH = YES;
				"CODE_SIGN_IDENTITY[sdk=iphoneos*]" = "iPhone Developer";
				COPY_PHASE_STRIP = NO;
				DEBUG_INFORMATION_FORMAT = "dwarf-with-dsym";
				ENABLE_NS_ASSERTIONS = NO;
				ENABLE_STRICT_OBJC_MSGSEND = YES;
				GCC_C_LANGUAGE_STANDARD = gnu99;
				GCC_NO_COMMON_BLOCKS = YES;
				GCC_WARN_64_TO_32_BIT_CONVERSION = YES;
				GCC_WARN_ABOUT_RETURN_TYPE = YES_ERROR;
				GCC_WARN_UNDECLARED_SELECTOR = YES;
				GCC_WARN_UNINITIALIZED_AUTOS = YES_AGGRESSIVE;
				GCC_WARN_UNUSED_FUNCTION = YES;
				GCC_WARN_UNUSED_VARIABLE = YES;
				IPHONEOS_DEPLOYMENT_TARGET = 10.3;
				MTL_ENABLE_DEBUG_INFO = NO;
				SDKROOT = iphoneos;
				TARGETED_DEVICE_FAMILY = "1,2";
				VALIDATE_PRODUCT = YES;
			};
			name = Release;
		};
		DCE41E571EAEE20E006FAAEA /* Debug */ = {
			isa = XCBuildConfiguration;
			buildSettings = {
				ASSETCATALOG_COMPILER_APPICON_NAME = AppIcon;
				DEVELOPMENT_TEAM = 2ZDPUNRZYA;
				INFOPLIST_FILE = CustomTabbarController/Info.plist;
				LD_RUNPATH_SEARCH_PATHS = "$(inherited) @executable_path/Frameworks";
				PRODUCT_BUNDLE_IDENTIFIER = test.CustomTabbarController;
				PRODUCT_NAME = "$(TARGET_NAME)";
			};
			name = Debug;
		};
		DCE41E581EAEE20E006FAAEA /* Release */ = {
			isa = XCBuildConfiguration;
			buildSettings = {
				ASSETCATALOG_COMPILER_APPICON_NAME = AppIcon;
				DEVELOPMENT_TEAM = 2ZDPUNRZYA;
				INFOPLIST_FILE = CustomTabbarController/Info.plist;
				LD_RUNPATH_SEARCH_PATHS = "$(inherited) @executable_path/Frameworks";
				PRODUCT_BUNDLE_IDENTIFIER = test.CustomTabbarController;
				PRODUCT_NAME = "$(TARGET_NAME)";
			};
			name = Release;
		};
		DCE41E5A1EAEE20E006FAAEA /* Debug */ = {
			isa = XCBuildConfiguration;
			buildSettings = {
				BUNDLE_LOADER = "$(TEST_HOST)";
				DEVELOPMENT_TEAM = 2ZDPUNRZYA;
				INFOPLIST_FILE = CustomTabbarControllerTests/Info.plist;
				LD_RUNPATH_SEARCH_PATHS = "$(inherited) @executable_path/Frameworks @loader_path/Frameworks";
				PRODUCT_BUNDLE_IDENTIFIER = test.CustomTabbarControllerTests;
				PRODUCT_NAME = "$(TARGET_NAME)";
				TEST_HOST = "$(BUILT_PRODUCTS_DIR)/CustomTabbarController.app/CustomTabbarController";
			};
			name = Debug;
		};
		DCE41E5B1EAEE20E006FAAEA /* Release */ = {
			isa = XCBuildConfiguration;
			buildSettings = {
				BUNDLE_LOADER = "$(TEST_HOST)";
				DEVELOPMENT_TEAM = 2ZDPUNRZYA;
				INFOPLIST_FILE = CustomTabbarControllerTests/Info.plist;
				LD_RUNPATH_SEARCH_PATHS = "$(inherited) @executable_path/Frameworks @loader_path/Frameworks";
				PRODUCT_BUNDLE_IDENTIFIER = test.CustomTabbarControllerTests;
				PRODUCT_NAME = "$(TARGET_NAME)";
				TEST_HOST = "$(BUILT_PRODUCTS_DIR)/CustomTabbarController.app/CustomTabbarController";
			};
			name = Release;
		};
		DCE41E5D1EAEE20E006FAAEA /* Debug */ = {
			isa = XCBuildConfiguration;
			buildSettings = {
				DEVELOPMENT_TEAM = 2ZDPUNRZYA;
				INFOPLIST_FILE = CustomTabbarControllerUITests/Info.plist;
				LD_RUNPATH_SEARCH_PATHS = "$(inherited) @executable_path/Frameworks @loader_path/Frameworks";
				PRODUCT_BUNDLE_IDENTIFIER = test.CustomTabbarControllerUITests;
				PRODUCT_NAME = "$(TARGET_NAME)";
				TEST_TARGET_NAME = CustomTabbarController;
			};
			name = Debug;
		};
		DCE41E5E1EAEE20E006FAAEA /* Release */ = {
			isa = XCBuildConfiguration;
			buildSettings = {
				DEVELOPMENT_TEAM = 2ZDPUNRZYA;
				INFOPLIST_FILE = CustomTabbarControllerUITests/Info.plist;
				LD_RUNPATH_SEARCH_PATHS = "$(inherited) @executable_path/Frameworks @loader_path/Frameworks";
				PRODUCT_BUNDLE_IDENTIFIER = test.CustomTabbarControllerUITests;
				PRODUCT_NAME = "$(TARGET_NAME)";
				TEST_TARGET_NAME = CustomTabbarController;
			};
			name = Release;
		};
/* End XCBuildConfiguration section */

/* Begin XCConfigurationList section */
		DCE41E241EAEE20E006FAAEA /* Build configuration list for PBXProject "CustomTabbarController" */ = {
			isa = XCConfigurationList;
			buildConfigurations = (
				DCE41E541EAEE20E006FAAEA /* Debug */,
				DCE41E551EAEE20E006FAAEA /* Release */,
			);
			defaultConfigurationIsVisible = 0;
			defaultConfigurationName = Release;
		};
		DCE41E561EAEE20E006FAAEA /* Build configuration list for PBXNativeTarget "CustomTabbarController" */ = {
			isa = XCConfigurationList;
			buildConfigurations = (
				DCE41E571EAEE20E006FAAEA /* Debug */,
				DCE41E581EAEE20E006FAAEA /* Release */,
			);
			defaultConfigurationIsVisible = 0;
		};
		DCE41E591EAEE20E006FAAEA /* Build configuration list for PBXNativeTarget "CustomTabbarControllerTests" */ = {
			isa = XCConfigurationList;
			buildConfigurations = (
				DCE41E5A1EAEE20E006FAAEA /* Debug */,
				DCE41E5B1EAEE20E006FAAEA /* Release */,
			);
			defaultConfigurationIsVisible = 0;
		};
		DCE41E5C1EAEE20E006FAAEA /* Build configuration list for PBXNativeTarget "CustomTabbarControllerUITests" */ = {
			isa = XCConfigurationList;
			buildConfigurations = (
				DCE41E5D1EAEE20E006FAAEA /* Debug */,
				DCE41E5E1EAEE20E006FAAEA /* Release */,
			);
			defaultConfigurationIsVisible = 0;
		};
/* End XCConfigurationList section */
	};
	rootObject = DCE41E211EAEE20E006FAAEA /* Project object */;
}
